
Microsoft Visual Studio Solution File, Format Version 12.00
# Visual Studio Version 16
VisualStudioVersion = 16.0.31321.278
MinimumVisualStudioVersion = 10.0.40219.1
Project("{FAE04EC0-301F-11D3-BF4B-00C04F79EFBC}") = "ProductReviewManagement", "ProductReviewManagement\ProductReviewManagement.csproj", "{67CDE20A-8E70-4F18-925A-ED6043058261}"
EndProject
Global
	GlobalSection(SolutionConfigurationPlatforms) = preSolution
		Debug|Any CPU = Debug|Any CPU
		Release|Any CPU = Release|Any CPU
	EndGlobalSection
	GlobalSection(ProjectConfigurationPlatforms) = postSolution
		{67CDE20A-8E70-4F18-925A-ED6043058261}.Debug|Any CPU.ActiveCfg = Debug|Any CPU
		{67CDE20A-8E70-4F18-925A-ED6043058261}.Debug|Any CPU.Build.0 = Debug|Any CPU
		{67CDE20A-8E70-4F18-925A-ED6043058261}.Release|Any CPU.ActiveCfg = Release|Any CPU
		{67CDE20A-8E70-4F18-925A-ED6043058261}.Release|Any CPU.Build.0 = Release|Any CPU
	EndGlobalSection
	GlobalSection(SolutionProperties) = preSolution
		HideSolutionNode = FALSE
	EndGlobalSection
	GlobalSection(ExtensibilityGlobals) = postSolution
		SolutionGuid = {C59D949A-B9F1-48B4-855C-2B274E50BCA9}
	EndGlobalSection
EndGlobal
